
Microsoft Visual Studio Solution File, Format Version 12.00
# Visual Studio Version 16
VisualStudioVersion = 16.0.31005.135
MinimumVisualStudioVersion = 10.0.40219.1
Project("{9A19103F-16F7-4668-BE54-9A1E7A4F7556}") = "SumatraPDFWrapper", "SumatraPDFWrapper\SumatraPDFWrapper.csproj", "{C6A4B197-C380-4075-BB0E-D9EB2A9D0C3A}"
EndProject
Project("{FAE04EC0-301F-11D3-BF4B-00C04F79EFBC}") = "SumatraPDFWrapper.Sample", "SumatraPDFWrapper.Sample\SumatraPDFWrapper.Sample.csproj", "{49AC8C60-231B-4715-8167-9B3B4EE5D1DC}"
EndProject
Project("{2150E333-8FDC-42A3-9474-1A3956D46DE8}") = "Solution Items", "Solution Items", "{013B1640-3190-4C70-B95B-BEE0D427406A}"
	ProjectSection(SolutionItems) = preProject
		.editorconfig = .editorconfig
		.gitignore = .gitignore
		LICENSE = LICENSE
		README.md = README.md
	EndProjectSection
EndProject
Global
	GlobalSection(SolutionConfigurationPlatforms) = preSolution
		Debug|Any CPU = Debug|Any CPU
		Release|Any CPU = Release|Any CPU
	EndGlobalSection
	GlobalSection(ProjectConfigurationPlatforms) = postSolution
		{C6A4B197-C380-4075-BB0E-D9EB2A9D0C3A}.Debug|Any CPU.ActiveCfg = Debug|Any CPU
		{C6A4B197-C380-4075-BB0E-D9EB2A9D0C3A}.Debug|Any CPU.Build.0 = Debug|Any CPU
		{C6A4B197-C380-4075-BB0E-D9EB2A9D0C3A}.Release|Any CPU.ActiveCfg = Release|Any CPU
		{C6A4B197-C380-4075-BB0E-D9EB2A9D0C3A}.Release|Any CPU.Build.0 = Release|Any CPU
		{49AC8C60-231B-4715-8167-9B3B4EE5D1DC}.Debug|Any CPU.ActiveCfg = Debug|Any CPU
		{49AC8C60-231B-4715-8167-9B3B4EE5D1DC}.Debug|Any CPU.Build.0 = Debug|Any CPU
		{49AC8C60-231B-4715-8167-9B3B4EE5D1DC}.Release|Any CPU.ActiveCfg = Release|Any CPU
		{49AC8C60-231B-4715-8167-9B3B4EE5D1DC}.Release|Any CPU.Build.0 = Release|Any CPU
	EndGlobalSection
	GlobalSection(SolutionProperties) = preSolution
		HideSolutionNode = FALSE
	EndGlobalSection
	GlobalSection(ExtensibilityGlobals) = postSolution
		SolutionGuid = {288FDBFA-5712-4CD1-B1F6-55A5C6124CEC}
	EndGlobalSection
EndGlobal
